<?xml version="1.0" encoding="utf-8"?>
<Project DefaultTargets="Build" ToolsVersion="4.0" xmlns="http://schemas.microsoft.com/developer/msbuild/2003">
  <PropertyGroup>
    <Configuration Condition=" '$(Configuration)' == '' ">Debug</Configuration>
    <Platform Condition=" '$(Platform)' == '' ">AnyCPU</Platform>
    <ProjectGuid>{2B89176E-AE6D-4690-9498-9A85F943B53F}</ProjectGuid>
    <Compiler>DMD2</Compiler>
    <PreferOneStepBuild>true</PreferOneStepBuild>
    <UseDefaultCompiler>true</UseDefaultCompiler>
    <IncrementalLinking>true</IncrementalLinking>
    <Includes>
      <Includes>
        <Path>../../derelict/derelict-gl3-1.0.18/source</Path>
        <Path>../../derelict/derelict-sdl2-2.0.0/source</Path>
        <Path>../../derelict/derelict-util-2.0.6/source</Path>
      </Includes>
    </Includes>
  </PropertyGroup>
  <PropertyGroup Condition=" '$(Configuration)|$(Platform)' == 'Debug|AnyCPU' ">
    <DebugSymbols>true</DebugSymbols>
    <OutputPath>bin\Debug</OutputPath>
    <ObjectsDirectory>obj/Debug</ObjectsDirectory>
    <LinkinThirdPartyLibraries>false</LinkinThirdPartyLibraries>
    <UnittestMode>false</UnittestMode>
    <OutputName>DungeonCrawl</OutputName>
    <Target>Executable</Target>
    <Externalconsole>true</Externalconsole>
    <DebugLevel>0</DebugLevel>
    <Libs>
      <Libs>
        <Lib>../../derelict/derelict-gl3-1.0.18/lib/libDerelictGL3.a</Lib>
        <Lib>../../derelict/derelict-sdl2-2.0.0/lib/libDerelictSDL2.a</Lib>
        <Lib>../../derelict/derelict-util-2.0.6/lib/libDerelictUtil.a</Lib>
      </Libs>
    </Libs>
    <ExtraCompilerArguments>-w</ExtraCompilerArguments>
  </PropertyGroup>
  <PropertyGroup Condition=" '$(Configuration)|$(Platform)' == 'Release|AnyCPU' ">
    <OutputPath>bin\Release</OutputPath>
    <ObjectsDirectory>obj/Release</ObjectsDirectory>
    <LinkinThirdPartyLibraries>false</LinkinThirdPartyLibraries>
    <UnittestMode>false</UnittestMode>
    <OutputName>DungeonCrawl</OutputName>
    <Target>Executable</Target>
    <Externalconsole>true</Externalconsole>
    <DebugLevel>0</DebugLevel>
    <Libs>
      <Libs>
        <Lib>../../derelict/derelict-gl3-1.0.18/lib/libDerelictGL3.a</Lib>
        <Lib>../../derelict/derelict-sdl2-2.0.0/lib/libDerelictSDL2.a</Lib>
        <Lib>../../derelict/derelict-util-2.0.6/lib/libDerelictUtil.a</Lib>
      </Libs>
    </Libs>
    <ExtraCompilerArguments>-w</ExtraCompilerArguments>
  </PropertyGroup>
  <PropertyGroup Condition=" '$(Configuration)|$(Platform)' == 'Unittest|AnyCPU' ">
    <DebugSymbols>true</DebugSymbols>
    <OutputPath>bin\Unittest</OutputPath>
    <ObjectsDirectory>obj/Unittest</ObjectsDirectory>
    <LinkinThirdPartyLibraries>false</LinkinThirdPartyLibraries>
    <UnittestMode>true</UnittestMode>
    <OutputName>DungeonCrawl</OutputName>
    <Target>Executable</Target>
    <Externalconsole>true</Externalconsole>
    <DebugLevel>0</DebugLevel>
    <Libs>
      <Libs>
        <Lib>../../derelict/derelict-gl3-1.0.18/lib/libDerelictGL3.a</Lib>
        <Lib>../../derelict/derelict-sdl2-2.0.0/lib/libDerelictSDL2.a</Lib>
        <Lib>../../derelict/derelict-util-2.0.6/lib/libDerelictUtil.a</Lib>
      </Libs>
    </Libs>
    <ExtraCompilerArguments>-w</ExtraCompilerArguments>
  </PropertyGroup>
  <ItemGroup>
    <Compile Include="Game.d" />
    <Compile Include="shader.d" />
    <Compile Include="Matrix4x4.d" />
    <Compile Include="Renderer.d" />
    <Compile Include="SDLWindow.d" />
    <Compile Include="Texture.d" />
    <Compile Include="Font.d" />
    <Compile Include="Level.d" />
    <Compile Include="Vec3.d" />
  </ItemGroup>
  <ItemGroup>
    <None Include="assets\font.bin">
      <CopyToOutputDirectory>Always</CopyToOutputDirectory>
    </None>
    <None Include="assets\shader.frag">
      <CopyToOutputDirectory>Always</CopyToOutputDirectory>
    </None>
    <None Include="assets\shader.vert">
      <CopyToOutputDirectory>Always</CopyToOutputDirectory>
    </None>
    <None Include="assets\font.tga">
      <CopyToOutputDirectory>Always</CopyToOutputDirectory>
    </None>
    <None Include="assets\wall1.tga">
      <CopyToOutputDirectory>Always</CopyToOutputDirectory>
    </None>
  </ItemGroup>
  <ProjectExtensions>
    <MonoDevelop>
      <Properties>
        <Policies>
          <TextStylePolicy FileWidth="120" inheritsSet="VisualStudio" inheritsScope="text/plain" scope="text/x-d" />
          <DFormattingPolicy inheritsSet="Mono" inheritsScope="text/x-d" scope="text/x-d" />
        </Policies>
      </Properties>
    </MonoDevelop>
  </ProjectExtensions>
</Project>