<?xml version="1.0" encoding="utf-8"?>
<Project DefaultTargets="Build" ToolsVersion="4.0" xmlns="http://schemas.microsoft.com/developer/msbuild/2003">
  <PropertyGroup>
    <Configuration Condition=" '$(Configuration)' == '' ">Debug</Configuration>
    <Platform Condition=" '$(Platform)' == '' ">AnyCPU</Platform>
    <ProjectGuid>{2B89176E-AE6D-4690-9498-9A85F943B53F}</ProjectGuid>
    <BaseDirectory>.</BaseDirectory>
    <Compiler>DMD2</Compiler>
    <PreferOneStepBuild>true</PreferOneStepBuild>
    <UseDefaultCompiler>true</UseDefaultCompiler>
    <IncrementalLinking>true</IncrementalLinking>
  </PropertyGroup>
  <PropertyGroup Condition=" '$(Configuration)|$(Platform)' == 'Debug|AnyCPU' ">
    <DebugSymbols>true</DebugSymbols>
    <OutputPath>bin\Debug</OutputPath>
    <ObjectsDirectory>obj/Debug</ObjectsDirectory>
    <LinkinThirdPartyLibraries>false</LinkinThirdPartyLibraries>
    <UnittestMode>false</UnittestMode>
    <OutputName>DungeonCrawl</OutputName>
    <Target>Executable</Target>
    <Externalconsole>true</Externalconsole>
    <DebugLevel>0</DebugLevel>
  </PropertyGroup>
  <PropertyGroup Condition=" '$(Configuration)|$(Platform)' == 'Release|AnyCPU' ">
    <OutputPath>bin\Release</OutputPath>
    <ObjectsDirectory>obj/Release</ObjectsDirectory>
    <LinkinThirdPartyLibraries>false</LinkinThirdPartyLibraries>
    <UnittestMode>false</UnittestMode>
    <OutputName>DungeonCrawl</OutputName>
    <Target>Executable</Target>
    <Externalconsole>true</Externalconsole>
    <DebugLevel>0</DebugLevel>
  </PropertyGroup>
  <PropertyGroup Condition=" '$(Configuration)|$(Platform)' == 'Unittest|AnyCPU' ">
    <DebugSymbols>true</DebugSymbols>
    <OutputPath>bin\Unittest</OutputPath>
    <ObjectsDirectory>obj/Unittest</ObjectsDirectory>
    <LinkinThirdPartyLibraries>false</LinkinThirdPartyLibraries>
    <UnittestMode>true</UnittestMode>
    <OutputName>DungeonCrawl</OutputName>
    <Target>Executable</Target>
    <Externalconsole>true</Externalconsole>
    <DebugLevel>0</DebugLevel>
  </PropertyGroup>
  <ItemGroup>
    <Compile Include="derelict\opengl3\arb.d" />
    <Compile Include="derelict\opengl3\cgl.d" />
    <Compile Include="derelict\opengl3\constants.d" />
    <Compile Include="derelict\opengl3\deprecatedConstants.d" />
    <Compile Include="derelict\opengl3\deprecatedFunctions.d" />
    <Compile Include="derelict\opengl3\ext.d" />
    <Compile Include="derelict\opengl3\functions.d" />
    <Compile Include="derelict\opengl3\gl.d" />
    <Compile Include="derelict\opengl3\gl3.d" />
    <Compile Include="derelict\opengl3\glx.d" />
    <Compile Include="derelict\opengl3\glxext.d" />
    <Compile Include="derelict\opengl3\internal.d" />
    <Compile Include="derelict\opengl3\types.d" />
    <Compile Include="derelict\opengl3\wgl.d" />
    <Compile Include="derelict\opengl3\wglext.d" />
    <Compile Include="derelict\sdl2\functions.d" />
    <Compile Include="derelict\sdl2\image.d" />
    <Compile Include="derelict\sdl2\mixer.d" />
    <Compile Include="derelict\sdl2\net.d" />
    <Compile Include="derelict\sdl2\sdl.d" />
    <Compile Include="derelict\sdl2\ttf.d" />
    <Compile Include="derelict\sdl2\types.d" />
    <Compile Include="derelict\util\exception.d" />
    <Compile Include="derelict\util\loader.d" />
    <Compile Include="derelict\util\sharedlib.d" />
    <Compile Include="derelict\util\system.d" />
    <Compile Include="derelict\util\wintypes.d" />
    <Compile Include="derelict\util\xtypes.d" />
    <Compile Include="Game.d" />
    <Compile Include="shader.d" />
    <Compile Include="Matrix4x4.d" />
  </ItemGroup>
  <ItemGroup>
    <None Include="assets\font.bin">
      <CopyToOutputDirectory>Always</CopyToOutputDirectory>
    </None>
    <None Include="assets\font.png">
      <CopyToOutputDirectory>Always</CopyToOutputDirectory>
    </None>
    <None Include="assets\shader.frag">
      <CopyToOutputDirectory>Always</CopyToOutputDirectory>
    </None>
    <None Include="assets\shader.vert">
      <CopyToOutputDirectory>Always</CopyToOutputDirectory>
    </None>
  </ItemGroup>
</Project>